{
  "name": "music-metadata-parser",
  "version": "1.0.0",
  "lockfileVersion": 1,
  "requires": true,
  "dependencies": {
    "icecast-parser": {
      "version": "3.0.0",
      "resolved": "https://registry.npmjs.org/icecast-parser/-/icecast-parser-3.0.0.tgz",
      "integrity": "sha1-yp5W17xu78S6ccPdFp6NpkcqSCs="
    },
    "node-fetch": {
      "version": "2.3.0",
      "resolved": "https://registry.npmjs.org/node-fetch/-/node-fetch-2.3.0.tgz",
      "integrity": "sha512-MOd8pV3fxENbryESLgVIeaGKrdl+uaYhCSSVkjeOb/31/njTpcis5aWfdqgNlHIrKOLRbMnfPINPOML2CIFeXA=="
    }
  }
}
